
Microsoft Visual Studio Solution File, Format Version 11.00
# Visual Studio 2010
Project("{FAE04EC0-301F-11D3-BF4B-00C04F79EFBC}") = "proyecytoFinal", "Assembly-CSharp.csproj", "{0D7CE9A0-A717-432C-C6AF-D5BD0DD7A728}"
EndProject
Project("{FAE04EC0-301F-11D3-BF4B-00C04F79EFBC}") = "proyecytoFinal", "Assembly-CSharp-firstpass.csproj", "{13BC6079-9FA9-C282-0235-8EC84195002F}"
EndProject
Project("{FAE04EC0-301F-11D3-BF4B-00C04F79EFBC}") = "proyecytoFinal", "Assembly-CSharp-Editor-firstpass.csproj", "{3881E7D4-3DF0-AF5B-EA71-EDCCFB2C9FD1}"
EndProject
Global
	GlobalSection(SolutionConfigurationPlatforms) = preSolution
		Debug|Any CPU = Debug|Any CPU
		Release|Any CPU = Release|Any CPU
	EndGlobalSection
	GlobalSection(ProjectConfigurationPlatforms) = postSolution
		{0D7CE9A0-A717-432C-C6AF-D5BD0DD7A728}.Debug|Any CPU.ActiveCfg = Debug|Any CPU
		{0D7CE9A0-A717-432C-C6AF-D5BD0DD7A728}.Debug|Any CPU.Build.0 = Debug|Any CPU
		{0D7CE9A0-A717-432C-C6AF-D5BD0DD7A728}.Release|Any CPU.ActiveCfg = Release|Any CPU
		{0D7CE9A0-A717-432C-C6AF-D5BD0DD7A728}.Release|Any CPU.Build.0 = Release|Any CPU
		{13BC6079-9FA9-C282-0235-8EC84195002F}.Debug|Any CPU.ActiveCfg = Debug|Any CPU
		{13BC6079-9FA9-C282-0235-8EC84195002F}.Debug|Any CPU.Build.0 = Debug|Any CPU
		{13BC6079-9FA9-C282-0235-8EC84195002F}.Release|Any CPU.ActiveCfg = Release|Any CPU
		{13BC6079-9FA9-C282-0235-8EC84195002F}.Release|Any CPU.Build.0 = Release|Any CPU
		{3881E7D4-3DF0-AF5B-EA71-EDCCFB2C9FD1}.Debug|Any CPU.ActiveCfg = Debug|Any CPU
		{3881E7D4-3DF0-AF5B-EA71-EDCCFB2C9FD1}.Debug|Any CPU.Build.0 = Debug|Any CPU
		{3881E7D4-3DF0-AF5B-EA71-EDCCFB2C9FD1}.Release|Any CPU.ActiveCfg = Release|Any CPU
		{3881E7D4-3DF0-AF5B-EA71-EDCCFB2C9FD1}.Release|Any CPU.Build.0 = Release|Any CPU
	EndGlobalSection
	GlobalSection(SolutionProperties) = preSolution
		HideSolutionNode = FALSE
	EndGlobalSection
	GlobalSection(MonoDevelopProperties) = preSolution
		StartupItem = Assembly-CSharp.csproj
	EndGlobalSection
EndGlobal
